
Microsoft Visual Studio Solution File, Format Version 12.00
# Visual Studio Version 17
VisualStudioVersion = 17.2.32630.192
MinimumVisualStudioVersion = 10.0.40219.1
Project("{FAE04EC0-301F-11D3-BF4B-00C04F79EFBC}") = "Demo", "Demo\Demo.csproj", "{F2924271-1098-43BE-904A-C2E2974C8987}"
EndProject
Global
	GlobalSection(SolutionConfigurationPlatforms) = preSolution
		Debug|Any CPU = Debug|Any CPU
		Release|Any CPU = Release|Any CPU
	EndGlobalSection
	GlobalSection(ProjectConfigurationPlatforms) = postSolution
		{F2924271-1098-43BE-904A-C2E2974C8987}.Debug|Any CPU.ActiveCfg = Debug|Any CPU
		{F2924271-1098-43BE-904A-C2E2974C8987}.Debug|Any CPU.Build.0 = Debug|Any CPU
		{F2924271-1098-43BE-904A-C2E2974C8987}.Release|Any CPU.ActiveCfg = Release|Any CPU
		{F2924271-1098-43BE-904A-C2E2974C8987}.Release|Any CPU.Build.0 = Release|Any CPU
	EndGlobalSection
	GlobalSection(SolutionProperties) = preSolution
		HideSolutionNode = FALSE
	EndGlobalSection
	GlobalSection(ExtensibilityGlobals) = postSolution
		SolutionGuid = {767FA2AC-DA1C-4CF9-AD04-6EF022AF225C}
	EndGlobalSection
EndGlobal
